
Microsoft Visual Studio Solution File, Format Version 12.00
# Visual Studio 15
VisualStudioVersion = 15.0.28307.168
MinimumVisualStudioVersion = 10.0.40219.1
Project("{FAE04EC0-301F-11D3-BF4B-00C04F79EFBC}") = "GasMeterPulseCounter", "GasMeterPulseCounter\GasMeterPulseCounter.csproj", "{B134C60B-9465-4444-9F4F-E5C38EDBDFA2}"
EndProject
Global
	GlobalSection(SolutionConfigurationPlatforms) = preSolution
		Debug|Any CPU = Debug|Any CPU
		Release|Any CPU = Release|Any CPU
	EndGlobalSection
	GlobalSection(ProjectConfigurationPlatforms) = postSolution
		{B134C60B-9465-4444-9F4F-E5C38EDBDFA2}.Debug|Any CPU.ActiveCfg = Debug|Any CPU
		{B134C60B-9465-4444-9F4F-E5C38EDBDFA2}.Debug|Any CPU.Build.0 = Debug|Any CPU
		{B134C60B-9465-4444-9F4F-E5C38EDBDFA2}.Release|Any CPU.ActiveCfg = Release|Any CPU
		{B134C60B-9465-4444-9F4F-E5C38EDBDFA2}.Release|Any CPU.Build.0 = Release|Any CPU
	EndGlobalSection
	GlobalSection(SolutionProperties) = preSolution
		HideSolutionNode = FALSE
	EndGlobalSection
	GlobalSection(ExtensibilityGlobals) = postSolution
		SolutionGuid = {1CD4EDC8-E19F-4E0B-A803-BE5A915C8D06}
	EndGlobalSection
EndGlobal
